
Microsoft Visual Studio Solution File, Format Version 12.00
# Visual Studio Version 17
VisualStudioVersion = 17.0.31903.59
MinimumVisualStudioVersion = 10.0.40219.1
Project("{2150E333-8FDC-42A3-9474-1A3956D46DE8}") = "src", "src", "{24CB19DA-10D1-4145-B066-FE39BB9946E8}"
EndProject
Project("{FAE04EC0-301F-11D3-BF4B-00C04F79EFBC}") = "Sorveteria.Domain", "src\Sorveteria.Domain\Sorveteria.Domain.csproj", "{D924B5F1-1FCF-4601-8EA6-618480D39C8B}"
EndProject
Project("{FAE04EC0-301F-11D3-BF4B-00C04F79EFBC}") = "Sorveteria.Application", "src\Sorveteria.Application\Sorveteria.Application.csproj", "{19981229-CE96-41A9-A32F-9849572A19BE}"
EndProject
Project("{FAE04EC0-301F-11D3-BF4B-00C04F79EFBC}") = "Sorveteria.Infrastructure", "src\Sorveteria.Infrastructure\Sorveteria.Infrastructure.csproj", "{691B5A0E-1A7A-40EA-94FE-669DCAD7AFD3}"
EndProject
Project("{FAE04EC0-301F-11D3-BF4B-00C04F79EFBC}") = "Sorveteria.Web", "src\Sorveteria.Web\Sorveteria.Web.csproj", "{71CC58A7-EB4A-45A4-B375-E07FBF75285C}"
EndProject
Global
	GlobalSection(SolutionConfigurationPlatforms) = preSolution
		Debug|Any CPU = Debug|Any CPU
		Release|Any CPU = Release|Any CPU
	EndGlobalSection
	GlobalSection(SolutionProperties) = preSolution
		HideSolutionNode = FALSE
	EndGlobalSection
	GlobalSection(ProjectConfigurationPlatforms) = postSolution
		{D924B5F1-1FCF-4601-8EA6-618480D39C8B}.Debug|Any CPU.ActiveCfg = Debug|Any CPU
		{D924B5F1-1FCF-4601-8EA6-618480D39C8B}.Debug|Any CPU.Build.0 = Debug|Any CPU
		{D924B5F1-1FCF-4601-8EA6-618480D39C8B}.Release|Any CPU.ActiveCfg = Release|Any CPU
		{D924B5F1-1FCF-4601-8EA6-618480D39C8B}.Release|Any CPU.Build.0 = Release|Any CPU
		{19981229-CE96-41A9-A32F-9849572A19BE}.Debug|Any CPU.ActiveCfg = Debug|Any CPU
		{19981229-CE96-41A9-A32F-9849572A19BE}.Debug|Any CPU.Build.0 = Debug|Any CPU
		{19981229-CE96-41A9-A32F-9849572A19BE}.Release|Any CPU.ActiveCfg = Release|Any CPU
		{19981229-CE96-41A9-A32F-9849572A19BE}.Release|Any CPU.Build.0 = Release|Any CPU
		{691B5A0E-1A7A-40EA-94FE-669DCAD7AFD3}.Debug|Any CPU.ActiveCfg = Debug|Any CPU
		{691B5A0E-1A7A-40EA-94FE-669DCAD7AFD3}.Debug|Any CPU.Build.0 = Debug|Any CPU
		{691B5A0E-1A7A-40EA-94FE-669DCAD7AFD3}.Release|Any CPU.ActiveCfg = Release|Any CPU
		{691B5A0E-1A7A-40EA-94FE-669DCAD7AFD3}.Release|Any CPU.Build.0 = Release|Any CPU
		{71CC58A7-EB4A-45A4-B375-E07FBF75285C}.Debug|Any CPU.ActiveCfg = Debug|Any CPU
		{71CC58A7-EB4A-45A4-B375-E07FBF75285C}.Debug|Any CPU.Build.0 = Debug|Any CPU
		{71CC58A7-EB4A-45A4-B375-E07FBF75285C}.Release|Any CPU.ActiveCfg = Release|Any CPU
		{71CC58A7-EB4A-45A4-B375-E07FBF75285C}.Release|Any CPU.Build.0 = Release|Any CPU
	EndGlobalSection
	GlobalSection(NestedProjects) = preSolution
		{D924B5F1-1FCF-4601-8EA6-618480D39C8B} = {24CB19DA-10D1-4145-B066-FE39BB9946E8}
		{19981229-CE96-41A9-A32F-9849572A19BE} = {24CB19DA-10D1-4145-B066-FE39BB9946E8}
		{691B5A0E-1A7A-40EA-94FE-669DCAD7AFD3} = {24CB19DA-10D1-4145-B066-FE39BB9946E8}
		{71CC58A7-EB4A-45A4-B375-E07FBF75285C} = {24CB19DA-10D1-4145-B066-FE39BB9946E8}
	EndGlobalSection
EndGlobal
